
Microsoft Visual Studio Solution File, Format Version 12.00
# Visual Studio Version 16
VisualStudioVersion = 16.0.29001.49
MinimumVisualStudioVersion = 10.0.40219.1
Project("{888888A0-9F3D-457C-B088-3A5042F75D52}") = "DjangoWebProject1", "DjangoWebProject1\DjangoWebProject1.pyproj", "{263F0FF7-3F33-4BE8-9951-A0FE76188AE4}"
EndProject
Global
	GlobalSection(SolutionConfigurationPlatforms) = preSolution
		Debug|Any CPU = Debug|Any CPU
		Release|Any CPU = Release|Any CPU
	EndGlobalSection
	GlobalSection(ProjectConfigurationPlatforms) = postSolution
		{263F0FF7-3F33-4BE8-9951-A0FE76188AE4}.Debug|Any CPU.ActiveCfg = Debug|Any CPU
		{263F0FF7-3F33-4BE8-9951-A0FE76188AE4}.Debug|Any CPU.Build.0 = Debug|Any CPU
		{263F0FF7-3F33-4BE8-9951-A0FE76188AE4}.Release|Any CPU.ActiveCfg = Release|Any CPU
		{263F0FF7-3F33-4BE8-9951-A0FE76188AE4}.Release|Any CPU.Build.0 = Release|Any CPU
	EndGlobalSection
	GlobalSection(SolutionProperties) = preSolution
		HideSolutionNode = FALSE
	EndGlobalSection
	GlobalSection(ExtensibilityGlobals) = postSolution
		SolutionGuid = {1736BE37-1ADB-4138-8393-606CE192CB7E}
	EndGlobalSection
EndGlobal
